
Microsoft Visual Studio Solution File, Format Version 12.00
# Visual Studio Version 16
VisualStudioVersion = 16.0.31112.23
MinimumVisualStudioVersion = 10.0.40219.1
Project("{9A19103F-16F7-4668-BE54-9A1E7A4F7556}") = "Entities", "Entities\Entities.csproj", "{78A7B4D6-32EC-448B-BB21-C4CD3F4A11E9}"
EndProject
Project("{9A19103F-16F7-4668-BE54-9A1E7A4F7556}") = "DataAccess", "DataAccess\DataAccess.csproj", "{77C4BAC2-0546-4A2A-BB64-DEADEDD37D8E}"
EndProject
Project("{9A19103F-16F7-4668-BE54-9A1E7A4F7556}") = "BusinessLayer", "BusinessLayer\BusinessLayer.csproj", "{9496AE7F-5F30-4151-9ACD-A174B167CF5B}"
EndProject
Project("{9A19103F-16F7-4668-BE54-9A1E7A4F7556}") = "ConsoleUI", "ConsoleUI\ConsoleUI.csproj", "{DEF65AE2-D2DC-49BF-B698-73DDA253DCFB}"
EndProject
Project("{9A19103F-16F7-4668-BE54-9A1E7A4F7556}") = "Core", "Core\Core.csproj", "{3CBCFB02-059D-4468-A779-37BFD02A3942}"
EndProject
Project("{FAE04EC0-301F-11D3-BF4B-00C04F79EFBC}") = "WebAPI", "WebAPI\WebAPI.csproj", "{F51B7489-B6AB-40D3-A77F-BDD1F9D2F3F0}"
EndProject
Global
	GlobalSection(SolutionConfigurationPlatforms) = preSolution
		Debug|Any CPU = Debug|Any CPU
		Release|Any CPU = Release|Any CPU
	EndGlobalSection
	GlobalSection(ProjectConfigurationPlatforms) = postSolution
		{78A7B4D6-32EC-448B-BB21-C4CD3F4A11E9}.Debug|Any CPU.ActiveCfg = Debug|Any CPU
		{78A7B4D6-32EC-448B-BB21-C4CD3F4A11E9}.Debug|Any CPU.Build.0 = Debug|Any CPU
		{78A7B4D6-32EC-448B-BB21-C4CD3F4A11E9}.Release|Any CPU.ActiveCfg = Release|Any CPU
		{78A7B4D6-32EC-448B-BB21-C4CD3F4A11E9}.Release|Any CPU.Build.0 = Release|Any CPU
		{77C4BAC2-0546-4A2A-BB64-DEADEDD37D8E}.Debug|Any CPU.ActiveCfg = Debug|Any CPU
		{77C4BAC2-0546-4A2A-BB64-DEADEDD37D8E}.Debug|Any CPU.Build.0 = Debug|Any CPU
		{77C4BAC2-0546-4A2A-BB64-DEADEDD37D8E}.Release|Any CPU.ActiveCfg = Release|Any CPU
		{77C4BAC2-0546-4A2A-BB64-DEADEDD37D8E}.Release|Any CPU.Build.0 = Release|Any CPU
		{9496AE7F-5F30-4151-9ACD-A174B167CF5B}.Debug|Any CPU.ActiveCfg = Debug|Any CPU
		{9496AE7F-5F30-4151-9ACD-A174B167CF5B}.Debug|Any CPU.Build.0 = Debug|Any CPU
		{9496AE7F-5F30-4151-9ACD-A174B167CF5B}.Release|Any CPU.ActiveCfg = Release|Any CPU
		{9496AE7F-5F30-4151-9ACD-A174B167CF5B}.Release|Any CPU.Build.0 = Release|Any CPU
		{DEF65AE2-D2DC-49BF-B698-73DDA253DCFB}.Debug|Any CPU.ActiveCfg = Debug|Any CPU
		{DEF65AE2-D2DC-49BF-B698-73DDA253DCFB}.Debug|Any CPU.Build.0 = Debug|Any CPU
		{DEF65AE2-D2DC-49BF-B698-73DDA253DCFB}.Release|Any CPU.ActiveCfg = Release|Any CPU
		{DEF65AE2-D2DC-49BF-B698-73DDA253DCFB}.Release|Any CPU.Build.0 = Release|Any CPU
		{3CBCFB02-059D-4468-A779-37BFD02A3942}.Debug|Any CPU.ActiveCfg = Debug|Any CPU
		{3CBCFB02-059D-4468-A779-37BFD02A3942}.Debug|Any CPU.Build.0 = Debug|Any CPU
		{3CBCFB02-059D-4468-A779-37BFD02A3942}.Release|Any CPU.ActiveCfg = Release|Any CPU
		{3CBCFB02-059D-4468-A779-37BFD02A3942}.Release|Any CPU.Build.0 = Release|Any CPU
		{F51B7489-B6AB-40D3-A77F-BDD1F9D2F3F0}.Debug|Any CPU.ActiveCfg = Debug|Any CPU
		{F51B7489-B6AB-40D3-A77F-BDD1F9D2F3F0}.Debug|Any CPU.Build.0 = Debug|Any CPU
		{F51B7489-B6AB-40D3-A77F-BDD1F9D2F3F0}.Release|Any CPU.ActiveCfg = Release|Any CPU
		{F51B7489-B6AB-40D3-A77F-BDD1F9D2F3F0}.Release|Any CPU.Build.0 = Release|Any CPU
	EndGlobalSection
	GlobalSection(SolutionProperties) = preSolution
		HideSolutionNode = FALSE
	EndGlobalSection
	GlobalSection(ExtensibilityGlobals) = postSolution
		SolutionGuid = {8AF65A3D-0BA7-45C3-B9D5-39DAA17A8D29}
	EndGlobalSection
EndGlobal
